
Microsoft Visual Studio Solution File, Format Version 12.00
# Visual Studio Version 17
VisualStudioVersion = 17.0.31903.59
MinimumVisualStudioVersion = 10.0.40219.1
Project("{FAE04EC0-301F-11D3-BF4B-00C04F79EFBC}") = "Solution", "src\Solution.csproj", "{66D8E0CC-C7CF-4559-B80A-79E56BEF9841}"
EndProject
Project("{FAE04EC0-301F-11D3-BF4B-00C04F79EFBC}") = "Tests", "Tests\Tests.csproj", "{D67C29CD-2D1C-43A7-AE36-3EBB6466C5CC}"
EndProject
Global
	GlobalSection(SolutionConfigurationPlatforms) = preSolution
		Debug|Any CPU = Debug|Any CPU
		Release|Any CPU = Release|Any CPU
	EndGlobalSection
	GlobalSection(SolutionProperties) = preSolution
		HideSolutionNode = FALSE
	EndGlobalSection
	GlobalSection(ProjectConfigurationPlatforms) = postSolution
		{66D8E0CC-C7CF-4559-B80A-79E56BEF9841}.Debug|Any CPU.ActiveCfg = Debug|Any CPU
		{66D8E0CC-C7CF-4559-B80A-79E56BEF9841}.Debug|Any CPU.Build.0 = Debug|Any CPU
		{66D8E0CC-C7CF-4559-B80A-79E56BEF9841}.Release|Any CPU.ActiveCfg = Release|Any CPU
		{66D8E0CC-C7CF-4559-B80A-79E56BEF9841}.Release|Any CPU.Build.0 = Release|Any CPU
		{D67C29CD-2D1C-43A7-AE36-3EBB6466C5CC}.Debug|Any CPU.ActiveCfg = Debug|Any CPU
		{D67C29CD-2D1C-43A7-AE36-3EBB6466C5CC}.Debug|Any CPU.Build.0 = Debug|Any CPU
		{D67C29CD-2D1C-43A7-AE36-3EBB6466C5CC}.Release|Any CPU.ActiveCfg = Release|Any CPU
		{D67C29CD-2D1C-43A7-AE36-3EBB6466C5CC}.Release|Any CPU.Build.0 = Release|Any CPU
	EndGlobalSection
EndGlobal
