
Microsoft Visual Studio Solution File, Format Version 12.00
# Visual Studio Version 17
VisualStudioVersion = 17.0.31903.59
MinimumVisualStudioVersion = 10.0.40219.1
Project("{FAE04EC0-301F-11D3-BF4B-00C04F79EFBC}") = "solution", "src\solution.csproj", "{D04A34CA-C4E2-447D-9A43-8FDFCBEE0135}"
EndProject
Project("{FAE04EC0-301F-11D3-BF4B-00C04F79EFBC}") = "tests", "tests\tests.csproj", "{D0172ECE-EF59-4C4E-85BF-00CB0E454844}"
EndProject
Global
	GlobalSection(SolutionConfigurationPlatforms) = preSolution
		Debug|Any CPU = Debug|Any CPU
		Release|Any CPU = Release|Any CPU
	EndGlobalSection
	GlobalSection(SolutionProperties) = preSolution
		HideSolutionNode = FALSE
	EndGlobalSection
	GlobalSection(ProjectConfigurationPlatforms) = postSolution
		{D04A34CA-C4E2-447D-9A43-8FDFCBEE0135}.Debug|Any CPU.ActiveCfg = Debug|Any CPU
		{D04A34CA-C4E2-447D-9A43-8FDFCBEE0135}.Debug|Any CPU.Build.0 = Debug|Any CPU
		{D04A34CA-C4E2-447D-9A43-8FDFCBEE0135}.Release|Any CPU.ActiveCfg = Release|Any CPU
		{D04A34CA-C4E2-447D-9A43-8FDFCBEE0135}.Release|Any CPU.Build.0 = Release|Any CPU
		{D0172ECE-EF59-4C4E-85BF-00CB0E454844}.Debug|Any CPU.ActiveCfg = Debug|Any CPU
		{D0172ECE-EF59-4C4E-85BF-00CB0E454844}.Debug|Any CPU.Build.0 = Debug|Any CPU
		{D0172ECE-EF59-4C4E-85BF-00CB0E454844}.Release|Any CPU.ActiveCfg = Release|Any CPU
		{D0172ECE-EF59-4C4E-85BF-00CB0E454844}.Release|Any CPU.Build.0 = Release|Any CPU
	EndGlobalSection
EndGlobal
