
Microsoft Visual Studio Solution File, Format Version 12.00
# Visual Studio Version 17
VisualStudioVersion = 17.0.31903.59
MinimumVisualStudioVersion = 10.0.40219.1
Project("{FAE04EC0-301F-11D3-BF4B-00C04F79EFBC}") = "src", "src\src.csproj", "{8637962F-4682-465D-9BA4-BC4E4876EE67}"
EndProject
Project("{FAE04EC0-301F-11D3-BF4B-00C04F79EFBC}") = "tests", "tests\tests.csproj", "{C6E14653-45E2-4484-943A-F90453C5FA2F}"
EndProject
Global
	GlobalSection(SolutionConfigurationPlatforms) = preSolution
		Debug|Any CPU = Debug|Any CPU
		Release|Any CPU = Release|Any CPU
	EndGlobalSection
	GlobalSection(SolutionProperties) = preSolution
		HideSolutionNode = FALSE
	EndGlobalSection
	GlobalSection(ProjectConfigurationPlatforms) = postSolution
		{8637962F-4682-465D-9BA4-BC4E4876EE67}.Debug|Any CPU.ActiveCfg = Debug|Any CPU
		{8637962F-4682-465D-9BA4-BC4E4876EE67}.Debug|Any CPU.Build.0 = Debug|Any CPU
		{8637962F-4682-465D-9BA4-BC4E4876EE67}.Release|Any CPU.ActiveCfg = Release|Any CPU
		{8637962F-4682-465D-9BA4-BC4E4876EE67}.Release|Any CPU.Build.0 = Release|Any CPU
		{C6E14653-45E2-4484-943A-F90453C5FA2F}.Debug|Any CPU.ActiveCfg = Debug|Any CPU
		{C6E14653-45E2-4484-943A-F90453C5FA2F}.Debug|Any CPU.Build.0 = Debug|Any CPU
		{C6E14653-45E2-4484-943A-F90453C5FA2F}.Release|Any CPU.ActiveCfg = Release|Any CPU
		{C6E14653-45E2-4484-943A-F90453C5FA2F}.Release|Any CPU.Build.0 = Release|Any CPU
	EndGlobalSection
EndGlobal
